// !$*UTF8*$!
{
	archiveVersion = 1;
	classes = {
	};
	objectVersion = 46;
	objects = {

/* Begin PBXFileReference section */
		E7D8C7BE1CEB593A006FE7FE /* openhab2-compendium */ = {isa = PBXFileReference; lastKnownFileType = folder; name = "openhab2-compendium"; sourceTree = "<group>"; };
/* End PBXFileReference section */

/* Begin PBXGroup section */
		E76E76D81CEB51AC00C96B33 = {
			isa = PBXGroup;
			children = (
				E7D8C7BE1CEB593A006FE7FE /* openhab2-compendium */,
			);
			sourceTree = "<group>";
		};
/* End PBXGroup section */

/* Begin PBXProject section */
		E76E76D91CEB51AC00C96B33 /* Project object */ = {
			isa = PBXProject;
			attributes = {
				LastUpgradeCheck = 0730;
			};
			buildConfigurationList = E76E76DC1CEB51AC00C96B33 /* Build configuration list for PBXProject "openhab2-compendium" */;
			compatibilityVersion = "Xcode 3.2";
			developmentRegion = English;
			hasScannedForEncodings = 0;
			knownRegions = (
				en,
			);
			mainGroup = E76E76D81CEB51AC00C96B33;
			projectDirPath = "";
			projectRoot = "";
			targets = (
			);
		};
/* End PBXProject section */

/* Begin XCBuildConfiguration section */
		E76E76DD1CEB51AC00C96B33 /* Debug */ = {
			isa = XCBuildConfiguration;
			buildSettings = {
			};
			name = Debug;
		};
		E76E76DE1CEB51AC00C96B33 /* Release */ = {
			isa = XCBuildConfiguration;
			buildSettings = {
			};
			name = Release;
		};
/* End XCBuildConfiguration section */

/* Begin XCConfigurationList section */
		E76E76DC1CEB51AC00C96B33 /* Build configuration list for PBXProject "openhab2-compendium" */ = {
			isa = XCConfigurationList;
			buildConfigurations = (
				E76E76DD1CEB51AC00C96B33 /* Debug */,
				E76E76DE1CEB51AC00C96B33 /* Release */,
			);
			defaultConfigurationIsVisible = 0;
			defaultConfigurationName = Release;
		};
/* End XCConfigurationList section */
	};
	rootObject = E76E76D91CEB51AC00C96B33 /* Project object */;
}
